
Microsoft Visual Studio Solution File, Format Version 12.00
# Visual Studio Version 16
VisualStudioVersion = 16.0.28803.352
MinimumVisualStudioVersion = 10.0.40219.1
Project("{9A19103F-16F7-4668-BE54-9A1E7A4F7556}") = "ControlledCoolingCalcOLD", "ControlledCoolingCalc\ControlledCoolingCalcOLD.csproj", "{4A249BB8-CF03-4292-BD3D-8B1B79DCAF4A}"
EndProject
Project("{FAE04EC0-301F-11D3-BF4B-00C04F79EFBC}") = "Models", "Models\Models.csproj", "{135200D4-90A1-4CB8-8142-F3C39A9A7769}"
EndProject
Project("{FAE04EC0-301F-11D3-BF4B-00C04F79EFBC}") = "ControlledCoolingCalculator", "ControlledCoolingCalculator\ControlledCoolingCalculator.csproj", "{47EC4ADC-891B-4E4F-BC26-B36D831091A3}"
EndProject
Project("{2150E333-8FDC-42A3-9474-1A3956D46DE8}") = "Installer", "Installer", "{A5713A88-EAB5-4057-A0C8-964D25BBADB3}"
EndProject
Project("{54435603-DBB4-11D2-8724-00A0C9A8B90C}") = "ControlledCoolingCalculator", "Installer\ControlledCoolingCalculator\ControlledCoolingCalculator.vdproj", "{EF6CE2A8-5059-4ED4-8003-CC34CAF3B06B}"
EndProject
Project("{9A19103F-16F7-4668-BE54-9A1E7A4F7556}") = "ControlledCoolingCalc2", "ControlledCoolingCalc2\ControlledCoolingCalc2.csproj", "{CFBD921C-C082-4F0A-8AAB-99D59799759F}"
EndProject
Global
	GlobalSection(SolutionConfigurationPlatforms) = preSolution
		Debug|Any CPU = Debug|Any CPU
		Release|Any CPU = Release|Any CPU
	EndGlobalSection
	GlobalSection(ProjectConfigurationPlatforms) = postSolution
		{4A249BB8-CF03-4292-BD3D-8B1B79DCAF4A}.Debug|Any CPU.ActiveCfg = Debug|Any CPU
		{4A249BB8-CF03-4292-BD3D-8B1B79DCAF4A}.Debug|Any CPU.Build.0 = Debug|Any CPU
		{4A249BB8-CF03-4292-BD3D-8B1B79DCAF4A}.Release|Any CPU.ActiveCfg = Release|Any CPU
		{4A249BB8-CF03-4292-BD3D-8B1B79DCAF4A}.Release|Any CPU.Build.0 = Release|Any CPU
		{135200D4-90A1-4CB8-8142-F3C39A9A7769}.Debug|Any CPU.ActiveCfg = Debug|Any CPU
		{135200D4-90A1-4CB8-8142-F3C39A9A7769}.Debug|Any CPU.Build.0 = Debug|Any CPU
		{135200D4-90A1-4CB8-8142-F3C39A9A7769}.Release|Any CPU.ActiveCfg = Release|Any CPU
		{135200D4-90A1-4CB8-8142-F3C39A9A7769}.Release|Any CPU.Build.0 = Release|Any CPU
		{47EC4ADC-891B-4E4F-BC26-B36D831091A3}.Debug|Any CPU.ActiveCfg = Debug|Any CPU
		{47EC4ADC-891B-4E4F-BC26-B36D831091A3}.Debug|Any CPU.Build.0 = Debug|Any CPU
		{47EC4ADC-891B-4E4F-BC26-B36D831091A3}.Release|Any CPU.ActiveCfg = Release|Any CPU
		{47EC4ADC-891B-4E4F-BC26-B36D831091A3}.Release|Any CPU.Build.0 = Release|Any CPU
		{EF6CE2A8-5059-4ED4-8003-CC34CAF3B06B}.Debug|Any CPU.ActiveCfg = Debug
		{EF6CE2A8-5059-4ED4-8003-CC34CAF3B06B}.Release|Any CPU.ActiveCfg = Release
		{CFBD921C-C082-4F0A-8AAB-99D59799759F}.Debug|Any CPU.ActiveCfg = Debug|Any CPU
		{CFBD921C-C082-4F0A-8AAB-99D59799759F}.Debug|Any CPU.Build.0 = Debug|Any CPU
		{CFBD921C-C082-4F0A-8AAB-99D59799759F}.Release|Any CPU.ActiveCfg = Release|Any CPU
		{CFBD921C-C082-4F0A-8AAB-99D59799759F}.Release|Any CPU.Build.0 = Release|Any CPU
	EndGlobalSection
	GlobalSection(SolutionProperties) = preSolution
		HideSolutionNode = FALSE
	EndGlobalSection
	GlobalSection(NestedProjects) = preSolution
		{EF6CE2A8-5059-4ED4-8003-CC34CAF3B06B} = {A5713A88-EAB5-4057-A0C8-964D25BBADB3}
	EndGlobalSection
	GlobalSection(ExtensibilityGlobals) = postSolution
		SolutionGuid = {1A2D70AF-918D-44F8-AEAE-1CC53FBCA9C4}
	EndGlobalSection
EndGlobal
